
Microsoft Visual Studio Solution File, Format Version 12.00
# Visual Studio 14
VisualStudioVersion = 14.0.25420.1
MinimumVisualStudioVersion = 10.0.40219.1
Project("{FAE04EC0-301F-11D3-BF4B-00C04F79EFBC}") = "TimeLogger.Web", "TimeLogger.Web\TimeLogger.Web.csproj", "{3D0648E1-9EC6-460B-8634-CCD28833A1FE}"
EndProject
Project("{FAE04EC0-301F-11D3-BF4B-00C04F79EFBC}") = "TimeLogger.App.Web", "TimeLogger.App.Web\TimeLogger.App.Web.csproj", "{4310384B-4B1E-4A34-AA47-D222A0984016}"
EndProject
Project("{FAE04EC0-301F-11D3-BF4B-00C04F79EFBC}") = "TimeLogger.App.Core", "TimeLogger.App.Core\TimeLogger.App.Core.csproj", "{23C544C5-4467-48D8-B07D-1B59C5B023DF}"
EndProject
Project("{FAE04EC0-301F-11D3-BF4B-00C04F79EFBC}") = "TimeLogger.Web.Core", "TimeLogger.Web.Core\TimeLogger.Web.Core.csproj", "{46636747-8656-4145-961F-D2E8D0ACFB25}"
EndProject
Global
	GlobalSection(SolutionConfigurationPlatforms) = preSolution
		Debug|Any CPU = Debug|Any CPU
		Release|Any CPU = Release|Any CPU
	EndGlobalSection
	GlobalSection(ProjectConfigurationPlatforms) = postSolution
		{3D0648E1-9EC6-460B-8634-CCD28833A1FE}.Debug|Any CPU.ActiveCfg = Debug|Any CPU
		{3D0648E1-9EC6-460B-8634-CCD28833A1FE}.Debug|Any CPU.Build.0 = Debug|Any CPU
		{3D0648E1-9EC6-460B-8634-CCD28833A1FE}.Release|Any CPU.ActiveCfg = Release|Any CPU
		{3D0648E1-9EC6-460B-8634-CCD28833A1FE}.Release|Any CPU.Build.0 = Release|Any CPU
		{4310384B-4B1E-4A34-AA47-D222A0984016}.Debug|Any CPU.ActiveCfg = Debug|Any CPU
		{4310384B-4B1E-4A34-AA47-D222A0984016}.Debug|Any CPU.Build.0 = Debug|Any CPU
		{4310384B-4B1E-4A34-AA47-D222A0984016}.Release|Any CPU.ActiveCfg = Release|Any CPU
		{4310384B-4B1E-4A34-AA47-D222A0984016}.Release|Any CPU.Build.0 = Release|Any CPU
		{23C544C5-4467-48D8-B07D-1B59C5B023DF}.Debug|Any CPU.ActiveCfg = Debug|Any CPU
		{23C544C5-4467-48D8-B07D-1B59C5B023DF}.Debug|Any CPU.Build.0 = Debug|Any CPU
		{23C544C5-4467-48D8-B07D-1B59C5B023DF}.Release|Any CPU.ActiveCfg = Release|Any CPU
		{23C544C5-4467-48D8-B07D-1B59C5B023DF}.Release|Any CPU.Build.0 = Release|Any CPU
		{46636747-8656-4145-961F-D2E8D0ACFB25}.Debug|Any CPU.ActiveCfg = Debug|Any CPU
		{46636747-8656-4145-961F-D2E8D0ACFB25}.Debug|Any CPU.Build.0 = Debug|Any CPU
		{46636747-8656-4145-961F-D2E8D0ACFB25}.Release|Any CPU.ActiveCfg = Release|Any CPU
		{46636747-8656-4145-961F-D2E8D0ACFB25}.Release|Any CPU.Build.0 = Release|Any CPU
	EndGlobalSection
	GlobalSection(SolutionProperties) = preSolution
		HideSolutionNode = FALSE
	EndGlobalSection
EndGlobal
